// !$*UTF8*$!
{
	archiveVersion = 1;
	classes = {
	};
	objectVersion = 55;
	objects = {

/* Begin PBXBuildFile section */
		027E8F662873F01D00067406 /* TableViewCell.swift in Sources */ = {isa = PBXBuildFile; fileRef = 027E8F652873F01D00067406 /* TableViewCell.swift */; };
		027E8F682873F0F200067406 /* MasterViewController.swift in Sources */ = {isa = PBXBuildFile; fileRef = 027E8F672873F0F200067406 /* MasterViewController.swift */; };
		02817EF52872FDB600EEE0CF /* AppDelegate.swift in Sources */ = {isa = PBXBuildFile; fileRef = 02817EF42872FDB600EEE0CF /* AppDelegate.swift */; };
		02817EF72872FDB600EEE0CF /* SceneDelegate.swift in Sources */ = {isa = PBXBuildFile; fileRef = 02817EF62872FDB600EEE0CF /* SceneDelegate.swift */; };
		02817EF92872FDB600EEE0CF /* ViewController.swift in Sources */ = {isa = PBXBuildFile; fileRef = 02817EF82872FDB600EEE0CF /* ViewController.swift */; };
		02817EFC2872FDB600EEE0CF /* Main.storyboard in Resources */ = {isa = PBXBuildFile; fileRef = 02817EFA2872FDB600EEE0CF /* Main.storyboard */; };
		02817EFF2872FDB600EEE0CF /* WebBrowser.xcdatamodeld in Sources */ = {isa = PBXBuildFile; fileRef = 02817EFD2872FDB600EEE0CF /* WebBrowser.xcdatamodeld */; };
		02817F012872FDB700EEE0CF /* Assets.xcassets in Resources */ = {isa = PBXBuildFile; fileRef = 02817F002872FDB700EEE0CF /* Assets.xcassets */; };
		02817F042872FDB700EEE0CF /* LaunchScreen.storyboard in Resources */ = {isa = PBXBuildFile; fileRef = 02817F022872FDB700EEE0CF /* LaunchScreen.storyboard */; };
		02817F102873017100EEE0CF /* DetailViewController.swift in Sources */ = {isa = PBXBuildFile; fileRef = 02817F0F2873017100EEE0CF /* DetailViewController.swift */; };
		02817F122873057700EEE0CF /* Webpage.swift in Sources */ = {isa = PBXBuildFile; fileRef = 02817F112873057700EEE0CF /* Webpage.swift */; };
/* End PBXBuildFile section */

/* Begin PBXFileReference section */
		027E8F652873F01D00067406 /* TableViewCell.swift */ = {isa = PBXFileReference; lastKnownFileType = sourcecode.swift; path = TableViewCell.swift; sourceTree = "<group>"; };
		027E8F672873F0F200067406 /* MasterViewController.swift */ = {isa = PBXFileReference; lastKnownFileType = sourcecode.swift; path = MasterViewController.swift; sourceTree = "<group>"; };
		02817EF12872FDB600EEE0CF /* WebBrowser.app */ = {isa = PBXFileReference; explicitFileType = wrapper.application; includeInIndex = 0; path = WebBrowser.app; sourceTree = BUILT_PRODUCTS_DIR; };
		02817EF42872FDB600EEE0CF /* AppDelegate.swift */ = {isa = PBXFileReference; lastKnownFileType = sourcecode.swift; path = AppDelegate.swift; sourceTree = "<group>"; };
		02817EF62872FDB600EEE0CF /* SceneDelegate.swift */ = {isa = PBXFileReference; lastKnownFileType = sourcecode.swift; path = SceneDelegate.swift; sourceTree = "<group>"; };
		02817EF82872FDB600EEE0CF /* ViewController.swift */ = {isa = PBXFileReference; lastKnownFileType = sourcecode.swift; path = ViewController.swift; sourceTree = "<group>"; };
		02817EFB2872FDB600EEE0CF /* Base */ = {isa = PBXFileReference; lastKnownFileType = file.storyboard; name = Base; path = Base.lproj/Main.storyboard; sourceTree = "<group>"; };
		02817EFE2872FDB600EEE0CF /* WebBrowser.xcdatamodel */ = {isa = PBXFileReference; lastKnownFileType = wrapper.xcdatamodel; path = WebBrowser.xcdatamodel; sourceTree = "<group>"; };
		02817F002872FDB700EEE0CF /* Assets.xcassets */ = {isa = PBXFileReference; lastKnownFileType = folder.assetcatalog; path = Assets.xcassets; sourceTree = "<group>"; };
		02817F032872FDB700EEE0CF /* Base */ = {isa = PBXFileReference; lastKnownFileType = file.storyboard; name = Base; path = Base.lproj/LaunchScreen.storyboard; sourceTree = "<group>"; };
		02817F052872FDB700EEE0CF /* Info.plist */ = {isa = PBXFileReference; lastKnownFileType = text.plist.xml; path = Info.plist; sourceTree = "<group>"; };
		02817F0F2873017100EEE0CF /* DetailViewController.swift */ = {isa = PBXFileReference; lastKnownFileType = sourcecode.swift; path = DetailViewController.swift; sourceTree = "<group>"; };
		02817F112873057700EEE0CF /* Webpage.swift */ = {isa = PBXFileReference; lastKnownFileType = sourcecode.swift; path = Webpage.swift; sourceTree = "<group>"; };
/* End PBXFileReference section */

/* Begin PBXFrameworksBuildPhase section */
		02817EEE2872FDB600EEE0CF /* Frameworks */ = {
			isa = PBXFrameworksBuildPhase;
			buildActionMask = 2147483647;
			files = (
			);
			runOnlyForDeploymentPostprocessing = 0;
		};
/* End PBXFrameworksBuildPhase section */

/* Begin PBXGroup section */
		02817EE82872FDB600EEE0CF = {
			isa = PBXGroup;
			children = (
				02817EF32872FDB600EEE0CF /* WebBrowser */,
				02817EF22872FDB600EEE0CF /* Products */,
			);
			sourceTree = "<group>";
		};
		02817EF22872FDB600EEE0CF /* Products */ = {
			isa = PBXGroup;
			children = (
				02817EF12872FDB600EEE0CF /* WebBrowser.app */,
			);
			name = Products;
			sourceTree = "<group>";
		};
		02817EF32872FDB600EEE0CF /* WebBrowser */ = {
			isa = PBXGroup;
			children = (
				02817EF42872FDB600EEE0CF /* AppDelegate.swift */,
				02817EF62872FDB600EEE0CF /* SceneDelegate.swift */,
				02817EF82872FDB600EEE0CF /* ViewController.swift */,
				02817EFA2872FDB600EEE0CF /* Main.storyboard */,
				02817F002872FDB700EEE0CF /* Assets.xcassets */,
				02817F022872FDB700EEE0CF /* LaunchScreen.storyboard */,
				02817F052872FDB700EEE0CF /* Info.plist */,
				02817EFD2872FDB600EEE0CF /* WebBrowser.xcdatamodeld */,
				02817F0F2873017100EEE0CF /* DetailViewController.swift */,
				02817F112873057700EEE0CF /* Webpage.swift */,
				027E8F652873F01D00067406 /* TableViewCell.swift */,
				027E8F672873F0F200067406 /* MasterViewController.swift */,
			);
			path = WebBrowser;
			sourceTree = "<group>";
		};
/* End PBXGroup section */

/* Begin PBXNativeTarget section */
		02817EF02872FDB600EEE0CF /* WebBrowser */ = {
			isa = PBXNativeTarget;
			buildConfigurationList = 02817F082872FDB700EEE0CF /* Build configuration list for PBXNativeTarget "WebBrowser" */;
			buildPhases = (
				02817EED2872FDB600EEE0CF /* Sources */,
				02817EEE2872FDB600EEE0CF /* Frameworks */,
				02817EEF2872FDB600EEE0CF /* Resources */,
			);
			buildRules = (
			);
			dependencies = (
			);
			name = WebBrowser;
			productName = WebBrowser;
			productReference = 02817EF12872FDB600EEE0CF /* WebBrowser.app */;
			productType = "com.apple.product-type.application";
		};
/* End PBXNativeTarget section */

/* Begin PBXProject section */
		02817EE92872FDB600EEE0CF /* Project object */ = {
			isa = PBXProject;
			attributes = {
				BuildIndependentTargetsInParallel = 1;
				LastSwiftUpdateCheck = 1330;
				LastUpgradeCheck = 1330;
				TargetAttributes = {
					02817EF02872FDB600EEE0CF = {
						CreatedOnToolsVersion = 13.3.1;
					};
				};
			};
			buildConfigurationList = 02817EEC2872FDB600EEE0CF /* Build configuration list for PBXProject "WebBrowser" */;
			compatibilityVersion = "Xcode 13.0";
			developmentRegion = en;
			hasScannedForEncodings = 0;
			knownRegions = (
				en,
				Base,
			);
			mainGroup = 02817EE82872FDB600EEE0CF;
			productRefGroup = 02817EF22872FDB600EEE0CF /* Products */;
			projectDirPath = "";
			projectRoot = "";
			targets = (
				02817EF02872FDB600EEE0CF /* WebBrowser */,
			);
		};
/* End PBXProject section */

/* Begin PBXResourcesBuildPhase section */
		02817EEF2872FDB600EEE0CF /* Resources */ = {
			isa = PBXResourcesBuildPhase;
			buildActionMask = 2147483647;
			files = (
				02817F042872FDB700EEE0CF /* LaunchScreen.storyboard in Resources */,
				02817F012872FDB700EEE0CF /* Assets.xcassets in Resources */,
				02817EFC2872FDB600EEE0CF /* Main.storyboard in Resources */,
			);
			runOnlyForDeploymentPostprocessing = 0;
		};
/* End PBXResourcesBuildPhase section */

/* Begin PBXSourcesBuildPhase section */
		02817EED2872FDB600EEE0CF /* Sources */ = {
			isa = PBXSourcesBuildPhase;
			buildActionMask = 2147483647;
			files = (
				027E8F662873F01D00067406 /* TableViewCell.swift in Sources */,
				02817EF92872FDB600EEE0CF /* ViewController.swift in Sources */,
				02817EFF2872FDB600EEE0CF /* WebBrowser.xcdatamodeld in Sources */,
				02817F102873017100EEE0CF /* DetailViewController.swift in Sources */,
				027E8F682873F0F200067406 /* MasterViewController.swift in Sources */,
				02817EF52872FDB600EEE0CF /* AppDelegate.swift in Sources */,
				02817F122873057700EEE0CF /* Webpage.swift in Sources */,
				02817EF72872FDB600EEE0CF /* SceneDelegate.swift in Sources */,
			);
			runOnlyForDeploymentPostprocessing = 0;
		};
/* End PBXSourcesBuildPhase section */

/* Begin PBXVariantGroup section */
		02817EFA2872FDB600EEE0CF /* Main.storyboard */ = {
			isa = PBXVariantGroup;
			children = (
				02817EFB2872FDB600EEE0CF /* Base */,
			);
			name = Main.storyboard;
			sourceTree = "<group>";
		};
		02817F022872FDB700EEE0CF /* LaunchScreen.storyboard */ = {
			isa = PBXVariantGroup;
			children = (
				02817F032872FDB700EEE0CF /* Base */,
			);
			name = LaunchScreen.storyboard;
			sourceTree = "<group>";
		};
/* End PBXVariantGroup section */

/* Begin XCBuildConfiguration section */
		02817F062872FDB700EEE0CF /* Debug */ = {
			isa = XCBuildConfiguration;
			buildSettings = {
				ALWAYS_SEARCH_USER_PATHS = NO;
				CLANG_ANALYZER_NONNULL = YES;
				CLANG_ANALYZER_NUMBER_OBJECT_CONVERSION = YES_AGGRESSIVE;
				CLANG_CXX_LANGUAGE_STANDARD = "gnu++17";
				CLANG_ENABLE_MODULES = YES;
				CLANG_ENABLE_OBJC_ARC = YES;
				CLANG_ENABLE_OBJC_WEAK = YES;
				CLANG_WARN_BLOCK_CAPTURE_AUTORELEASING = YES;
				CLANG_WARN_BOOL_CONVERSION = YES;
				CLANG_WARN_COMMA = YES;
				CLANG_WARN_CONSTANT_CONVERSION = YES;
				CLANG_WARN_DEPRECATED_OBJC_IMPLEMENTATIONS = YES;
				CLANG_WARN_DIRECT_OBJC_ISA_USAGE = YES_ERROR;
				CLANG_WARN_DOCUMENTATION_COMMENTS = YES;
				CLANG_WARN_EMPTY_BODY = YES;
				CLANG_WARN_ENUM_CONVERSION = YES;
				CLANG_WARN_INFINITE_RECURSION = YES;
				CLANG_WARN_INT_CONVERSION = YES;
				CLANG_WARN_NON_LITERAL_NULL_CONVERSION = YES;
				CLANG_WARN_OBJC_IMPLICIT_RETAIN_SELF = YES;
				CLANG_WARN_OBJC_LITERAL_CONVERSION = YES;
				CLANG_WARN_OBJC_ROOT_CLASS = YES_ERROR;
				CLANG_WARN_QUOTED_INCLUDE_IN_FRAMEWORK_HEADER = YES;
				CLANG_WARN_RANGE_LOOP_ANALYSIS = YES;
				CLANG_WARN_STRICT_PROTOTYPES = YES;
				CLANG_WARN_SUSPICIOUS_MOVE = YES;
				CLANG_WARN_UNGUARDED_AVAILABILITY = YES_AGGRESSIVE;
				CLANG_WARN_UNREACHABLE_CODE = YES;
				CLANG_WARN__DUPLICATE_METHOD_MATCH = YES;
				COPY_PHASE_STRIP = NO;
				DEBUG_INFORMATION_FORMAT = dwarf;
				ENABLE_STRICT_OBJC_MSGSEND = YES;
				ENABLE_TESTABILITY = YES;
				GCC_C_LANGUAGE_STANDARD = gnu11;
				GCC_DYNAMIC_NO_PIC = NO;
				GCC_NO_COMMON_BLOCKS = YES;
				GCC_OPTIMIZATION_LEVEL = 0;
				GCC_PREPROCESSOR_DEFINITIONS = (
					"DEBUG=1",
					"$(inherited)",
				);
				GCC_WARN_64_TO_32_BIT_CONVERSION = YES;
				GCC_WARN_ABOUT_RETURN_TYPE = YES_ERROR;
				GCC_WARN_UNDECLARED_SELECTOR = YES;
				GCC_WARN_UNINITIALIZED_AUTOS = YES_AGGRESSIVE;
				GCC_WARN_UNUSED_FUNCTION = YES;
				GCC_WARN_UNUSED_VARIABLE = YES;
				IPHONEOS_DEPLOYMENT_TARGET = 15.4;
				MTL_ENABLE_DEBUG_INFO = INCLUDE_SOURCE;
				MTL_FAST_MATH = YES;
				ONLY_ACTIVE_ARCH = YES;
				SDKROOT = iphoneos;
				SWIFT_ACTIVE_COMPILATION_CONDITIONS = DEBUG;
				SWIFT_OPTIMIZATION_LEVEL = "-Onone";
			};
			name = Debug;
		};
		02817F072872FDB700EEE0CF /* Release */ = {
			isa = XCBuildConfiguration;
			buildSettings = {
				ALWAYS_SEARCH_USER_PATHS = NO;
				CLANG_ANALYZER_NONNULL = YES;
				CLANG_ANALYZER_NUMBER_OBJECT_CONVERSION = YES_AGGRESSIVE;
				CLANG_CXX_LANGUAGE_STANDARD = "gnu++17";
				CLANG_ENABLE_MODULES = YES;
				CLANG_ENABLE_OBJC_ARC = YES;
				CLANG_ENABLE_OBJC_WEAK = YES;
				CLANG_WARN_BLOCK_CAPTURE_AUTORELEASING = YES;
				CLANG_WARN_BOOL_CONVERSION = YES;
				CLANG_WARN_COMMA = YES;
				CLANG_WARN_CONSTANT_CONVERSION = YES;
				CLANG_WARN_DEPRECATED_OBJC_IMPLEMENTATIONS = YES;
				CLANG_WARN_DIRECT_OBJC_ISA_USAGE = YES_ERROR;
				CLANG_WARN_DOCUMENTATION_COMMENTS = YES;
				CLANG_WARN_EMPTY_BODY = YES;
				CLANG_WARN_ENUM_CONVERSION = YES;
				CLANG_WARN_INFINITE_RECURSION = YES;
				CLANG_WARN_INT_CONVERSION = YES;
				CLANG_WARN_NON_LITERAL_NULL_CONVERSION = YES;
				CLANG_WARN_OBJC_IMPLICIT_RETAIN_SELF = YES;
				CLANG_WARN_OBJC_LITERAL_CONVERSION = YES;
				CLANG_WARN_OBJC_ROOT_CLASS = YES_ERROR;
				CLANG_WARN_QUOTED_INCLUDE_IN_FRAMEWORK_HEADER = YES;
				CLANG_WARN_RANGE_LOOP_ANALYSIS = YES;
				CLANG_WARN_STRICT_PROTOTYPES = YES;
				CLANG_WARN_SUSPICIOUS_MOVE = YES;
				CLANG_WARN_UNGUARDED_AVAILABILITY = YES_AGGRESSIVE;
				CLANG_WARN_UNREACHABLE_CODE = YES;
				CLANG_WARN__DUPLICATE_METHOD_MATCH = YES;
				COPY_PHASE_STRIP = NO;
				DEBUG_INFORMATION_FORMAT = "dwarf-with-dsym";
				ENABLE_NS_ASSERTIONS = NO;
				ENABLE_STRICT_OBJC_MSGSEND = YES;
				GCC_C_LANGUAGE_STANDARD = gnu11;
				GCC_NO_COMMON_BLOCKS = YES;
				GCC_WARN_64_TO_32_BIT_CONVERSION = YES;
				GCC_WARN_ABOUT_RETURN_TYPE = YES_ERROR;
				GCC_WARN_UNDECLARED_SELECTOR = YES;
				GCC_WARN_UNINITIALIZED_AUTOS = YES_AGGRESSIVE;
				GCC_WARN_UNUSED_FUNCTION = YES;
				GCC_WARN_UNUSED_VARIABLE = YES;
				IPHONEOS_DEPLOYMENT_TARGET = 15.4;
				MTL_ENABLE_DEBUG_INFO = NO;
				MTL_FAST_MATH = YES;
				SDKROOT = iphoneos;
				SWIFT_COMPILATION_MODE = wholemodule;
				SWIFT_OPTIMIZATION_LEVEL = "-O";
				VALIDATE_PRODUCT = YES;
			};
			name = Release;
		};
		02817F092872FDB700EEE0CF /* Debug */ = {
			isa = XCBuildConfiguration;
			buildSettings = {
				ASSETCATALOG_COMPILER_APPICON_NAME = AppIcon;
				ASSETCATALOG_COMPILER_GLOBAL_ACCENT_COLOR_NAME = AccentColor;
				CODE_SIGN_STYLE = Automatic;
				CURRENT_PROJECT_VERSION = 1;
				DEVELOPMENT_TEAM = PY25Q9RB98;
				GENERATE_INFOPLIST_FILE = YES;
				INFOPLIST_FILE = WebBrowser/Info.plist;
				INFOPLIST_KEY_UIApplicationSupportsIndirectInputEvents = YES;
				INFOPLIST_KEY_UILaunchStoryboardName = LaunchScreen;
				INFOPLIST_KEY_UIMainStoryboardFile = Main;
				INFOPLIST_KEY_UISupportedInterfaceOrientations_iPad = "UIInterfaceOrientationPortrait UIInterfaceOrientationPortraitUpsideDown UIInterfaceOrientationLandscapeLeft UIInterfaceOrientationLandscapeRight";
				INFOPLIST_KEY_UISupportedInterfaceOrientations_iPhone = "UIInterfaceOrientationPortrait UIInterfaceOrientationLandscapeLeft UIInterfaceOrientationLandscapeRight";
				LD_RUNPATH_SEARCH_PATHS = (
					"$(inherited)",
					"@executable_path/Frameworks",
				);
				MARKETING_VERSION = 1.0;
				PRODUCT_BUNDLE_IDENTIFIER = jusan.WebBrowser;
				PRODUCT_NAME = "$(TARGET_NAME)";
				SWIFT_EMIT_LOC_STRINGS = YES;
				SWIFT_VERSION = 5.0;
				TARGETED_DEVICE_FAMILY = "1,2";
			};
			name = Debug;
		};
		02817F0A2872FDB700EEE0CF /* Release */ = {
			isa = XCBuildConfiguration;
			buildSettings = {
				ASSETCATALOG_COMPILER_APPICON_NAME = AppIcon;
				ASSETCATALOG_COMPILER_GLOBAL_ACCENT_COLOR_NAME = AccentColor;
				CODE_SIGN_STYLE = Automatic;
				CURRENT_PROJECT_VERSION = 1;
				DEVELOPMENT_TEAM = PY25Q9RB98;
				GENERATE_INFOPLIST_FILE = YES;
				INFOPLIST_FILE = WebBrowser/Info.plist;
				INFOPLIST_KEY_UIApplicationSupportsIndirectInputEvents = YES;
				INFOPLIST_KEY_UILaunchStoryboardName = LaunchScreen;
				INFOPLIST_KEY_UIMainStoryboardFile = Main;
				INFOPLIST_KEY_UISupportedInterfaceOrientations_iPad = "UIInterfaceOrientationPortrait UIInterfaceOrientationPortraitUpsideDown UIInterfaceOrientationLandscapeLeft UIInterfaceOrientationLandscapeRight";
				INFOPLIST_KEY_UISupportedInterfaceOrientations_iPhone = "UIInterfaceOrientationPortrait UIInterfaceOrientationLandscapeLeft UIInterfaceOrientationLandscapeRight";
				LD_RUNPATH_SEARCH_PATHS = (
					"$(inherited)",
					"@executable_path/Frameworks",
				);
				MARKETING_VERSION = 1.0;
				PRODUCT_BUNDLE_IDENTIFIER = jusan.WebBrowser;
				PRODUCT_NAME = "$(TARGET_NAME)";
				SWIFT_EMIT_LOC_STRINGS = YES;
				SWIFT_VERSION = 5.0;
				TARGETED_DEVICE_FAMILY = "1,2";
			};
			name = Release;
		};
/* End XCBuildConfiguration section */

/* Begin XCConfigurationList section */
		02817EEC2872FDB600EEE0CF /* Build configuration list for PBXProject "WebBrowser" */ = {
			isa = XCConfigurationList;
			buildConfigurations = (
				02817F062872FDB700EEE0CF /* Debug */,
				02817F072872FDB700EEE0CF /* Release */,
			);
			defaultConfigurationIsVisible = 0;
			defaultConfigurationName = Release;
		};
		02817F082872FDB700EEE0CF /* Build configuration list for PBXNativeTarget "WebBrowser" */ = {
			isa = XCConfigurationList;
			buildConfigurations = (
				02817F092872FDB700EEE0CF /* Debug */,
				02817F0A2872FDB700EEE0CF /* Release */,
			);
			defaultConfigurationIsVisible = 0;
			defaultConfigurationName = Release;
		};
/* End XCConfigurationList section */

/* Begin XCVersionGroup section */
		02817EFD2872FDB600EEE0CF /* WebBrowser.xcdatamodeld */ = {
			isa = XCVersionGroup;
			children = (
				02817EFE2872FDB600EEE0CF /* WebBrowser.xcdatamodel */,
			);
			currentVersion = 02817EFE2872FDB600EEE0CF /* WebBrowser.xcdatamodel */;
			path = WebBrowser.xcdatamodeld;
			sourceTree = "<group>";
			versionGroupType = wrapper.xcdatamodel;
		};
/* End XCVersionGroup section */
	};
	rootObject = 02817EE92872FDB600EEE0CF /* Project object */;
}
